// !$*UTF8*$!
{
	archiveVersion = 1;
	classes = {
	};
	objectVersion = 46;
	objects = {

/* Begin PBXAggregateTarget section */
		D4EA28C809230EFB1384FF06 /* HyperStar S1 Proto2 - All */ = {
			isa = PBXAggregateTarget;
			buildConfigurationList = 4569D20DEA80B27D8696CBBA;
			buildPhases = (
			);
			dependencies = (
				A0702E4D66856B4E80C9EBAA,
				CBE97B943FEE69AD5C8BE024,
				DF4ECD44518032DFC5D20510,
			);
			name = "HyperStar S1 Proto2 - All";
			productName = "HyperStar S1 Proto2";
		};
/* End PBXAggregateTarget section */

/* Begin PBXBuildFile section */
		000ED67D2F8AF5F9BE11D815 /* WaveSynth.cpp */ = {isa = PBXBuildFile; fileRef = 6F7D9BFEB022C9026798B281; };
		033519DB7867FA8C7DD4F869 /* Foundation.framework */ = {isa = PBXBuildFile; fileRef = 3F4C8103827348650F468CCE; };
		197AE1384218FD7408B4ABE8 /* PluginProcessor.cpp */ = {isa = PBXBuildFile; fileRef = 19B353AF745642697A5B821C; };
		1D1AFF62A012E9FBCF25B463 /* Security.framework */ = {isa = PBXBuildFile; fileRef = 48A382F97AAADF369417D1F2; };
		28A4D9A4ED01BFD5F1B6CFF3 /* include_juce_audio_plugin_client_VST3.mm */ = {isa = PBXBuildFile; fileRef = 66BD2B973156CA74206951E8; };
		3514DBA97BB365EB9FC6C97C /* IOKit.framework */ = {isa = PBXBuildFile; fileRef = D04BFBE22E47151944BF640A; };
		4A5A2E226DD7BD464F4FD189 /* include_juce_graphics_Sheenbidi.c */ = {isa = PBXBuildFile; fileRef = F594E3D6614A4E7165927BA2; };
		4EF7E9022AF4FC03FF81EBBB /* include_juce_events.mm */ = {isa = PBXBuildFile; fileRef = F80D1A7DB5563BB2D8A55CF7; };
		5494CF02D25BFB62D677B8AE /* MetalKit.framework */ = {isa = PBXBuildFile; fileRef = 68A6C815E2CF886355EF1B1F; settings = { ATTRIBUTES = (Weak, ); }; };
		5802CB7F1BB2804BA0E17A8B /* RecentFilesMenuTemplate.nib */ = {isa = PBXBuildFile; fileRef = 81E005317E0D8B506AF89649; };
		66A582CCD55B8CF693827A4B /* Oscillator.cpp */ = {isa = PBXBuildFile; fileRef = AB9B4A46E0AEDF7F7FB2C7D9; };
		682A56AE65597DA2FB96B75E /* CoreAudioKit.framework */ = {isa = PBXBuildFile; fileRef = 198DD7C4C605882CC884D22D; };
		6906C6A75F02BB8BFB0D89FB /* include_juce_audio_processors_headless.mm */ = {isa = PBXBuildFile; fileRef = B71FF4448B97F1C00A09C1CE; };
		72143085083FB442D6CE946F /* include_juce_audio_devices.mm */ = {isa = PBXBuildFile; fileRef = B6AF1B8B57314D53B82DD8B7; };
		733396185BD78F8F25B6DA35 /* Cocoa.framework */ = {isa = PBXBuildFile; fileRef = A6E9443D103E92E2AF11D9BF; };
		7698062D5520D49696F7CA92 /* include_juce_graphics.mm */ = {isa = PBXBuildFile; fileRef = 9CAB51E6FE1EF13BC473ABE1; };
		7A170B691C75D9769675E748 /* include_juce_audio_processors_headless_ara.cpp */ = {isa = PBXBuildFile; fileRef = 4042F24EBDC024BF63847B6A; };
		7ECDDF923C78BE9452539324 /* include_juce_gui_basics.mm */ = {isa = PBXBuildFile; fileRef = 295D2A64A581D191DE7FD159; };
		876B233CD3C51041307F2A1D /* DiscRecording.framework */ = {isa = PBXBuildFile; fileRef = E1451A9030AE5578E8C8857E; };
		877A3662D8D97FD0D616C6CA /* include_juce_graphics_Harfbuzz.cpp */ = {isa = PBXBuildFile; fileRef = E9ADED6E4A2116719A4825F9; };
		8E80E826100A98495F9B4940 /* juce_VST3ManifestHelper.mm */ = {isa = PBXBuildFile; fileRef = F9F2ED3B3ACADA9E13C6885C; settings = { COMPILER_FLAGS = "-w -DJUCE_SKIP_PRECOMPILED_HEADER"; }; };
		8F1AB89D389C04B81308AE98 /* include_juce_audio_plugin_client_ARA.cpp */ = {isa = PBXBuildFile; fileRef = 4EC3A8A44243E2DD5B5B0FAF; };
		9D6FA52C28E469C5B15AF4CB /* include_juce_gui_extra.mm */ = {isa = PBXBuildFile; fileRef = 6B6E20F1A31C46D100953443; };
		9F9165E002098732365EF3EA /* CoreMIDI.framework */ = {isa = PBXBuildFile; fileRef = 519877E379CD2759953EE8AD; };
		AA237E2210D50E1AD2524664 /* include_juce_audio_processors_headless_lv2_libs.cpp */ = {isa = PBXBuildFile; fileRef = 98494E34C6B73A78F9A91633; };
		AE893D687C721147BF1B2217 /* Metal.framework */ = {isa = PBXBuildFile; fileRef = 53BE3B1482416CC67D702FAC; settings = { ATTRIBUTES = (Weak, ); }; };
		B63DEB4545A8C5047EAAFF2F /* VST3 Manifest Helper */ = {isa = PBXBuildFile; fileRef = 1B2DF62134F047B4FAAEA04E; };
		BBFDA5BFE34E94011789720B /* include_juce_core_CompilationTime.cpp */ = {isa = PBXBuildFile; fileRef = 891DD639BAB15246ED4D5354; };
		C16E6CFE65FA759AE66945D7 /* QuartzCore.framework */ = {isa = PBXBuildFile; fileRef = D42267DA7619043E3168393A; };
		C1D5E49BFCE33847366BC66B /* CoreAudio.framework */ = {isa = PBXBuildFile; fileRef = 850731ADF51B54B27BF81A81; };
		C419C369A90D48AD7AA64C35 /* PluginEditor.cpp */ = {isa = PBXBuildFile; fileRef = 6B2EFDC079D0DD85C15228B3; };
		C5AF3544B73F5DCF31EAA8CB /* Shared Code */ = {isa = PBXBuildFile; fileRef = A67099E32C63E2090FB93F42; };
		D2CE47559EE63585D20314DC /* WebKit.framework */ = {isa = PBXBuildFile; fileRef = 92E74FD79A31795B8E4AFF8A; };
		D4C7402F63459677B1DDA347 /* AudioToolbox.framework */ = {isa = PBXBuildFile; fileRef = C0153B56DB59C284E3DA0EEE; };
		DB823F2BF70F977CFE19A830 /* Accelerate.framework */ = {isa = PBXBuildFile; fileRef = D0BC458858FEB0601CDF1C99; };
		DD902EC57C5FA088A70DD64E /* include_juce_audio_processors.mm */ = {isa = PBXBuildFile; fileRef = F6539341B8B0E1EB46AE7C01; };
		E1547E1D271336D3E248F12C /* include_juce_audio_utils.mm */ = {isa = PBXBuildFile; fileRef = 7920F81DED56E153C0B4CC66; };
		E55E839DEA0BDC5A33293B05 /* include_juce_audio_basics.mm */ = {isa = PBXBuildFile; fileRef = 4C8758370762F73B892A109F; };
		E749DFD350067AC3DD0CDF1F /* include_juce_core.mm */ = {isa = PBXBuildFile; fileRef = 25D5642C8FFC19A63D16CE38; };
		F0D6613FEBCC9901E179F7E3 /* VST3 */ = {isa = PBXBuildFile; fileRef = 5F2C2964D75A073B6BD0D1E4; };
		F5EDE5F31E3EDE3D022FBE27 /* include_juce_data_structures.mm */ = {isa = PBXBuildFile; fileRef = 9AC3D7A630CDB1ED98A9FF9C; };
		FC6A4EE93674C1D2F06832E5 /* include_juce_audio_formats.mm */ = {isa = PBXBuildFile; fileRef = 9600AE6E9B39AB391395AF59; };
/* End PBXBuildFile section */

/* Begin PBXFileReference section */
		198DD7C4C605882CC884D22D /* CoreAudioKit.framework */ /* CoreAudioKit.framework */ = {isa = PBXFileReference; lastKnownFileType = wrapper.framework; name = CoreAudioKit.framework; path = System/Library/Frameworks/CoreAudioKit.framework; sourceTree = SDKROOT; };
		19B353AF745642697A5B821C /* PluginProcessor.cpp */ /* PluginProcessor.cpp */ = {isa = PBXFileReference; lastKnownFileType = sourcecode.cpp.cpp; name = PluginProcessor.cpp; path = ../../Source/PluginProcessor.cpp; sourceTree = SOURCE_ROOT; };
		1B2DF62134F047B4FAAEA04E /* VST3 Manifest Helper */ = {isa = PBXFileReference; explicitFileType = "compiled.mach-o.executable"; includeInIndex = 0; path = juce_vst3_helper; sourceTree = BUILT_PRODUCTS_DIR; };
		1DDE702AA2CE68E4A3203AD5 /* juce_audio_utils */ /* juce_audio_utils */ = {isa = PBXFileReference; lastKnownFileType = folder; name = juce_audio_utils; path = /Users/jcolen/Documents/JUCE/modules/juce_audio_utils; sourceTree = "<absolute>"; };
		2298A81AE42089D2C01CFB31 /* Info-VST3_Manifest_Helper.plist */ /* Info-VST3_Manifest_Helper.plist */ = {isa = PBXFileReference; lastKnownFileType = text.plist.xml; name = "Info-VST3_Manifest_Helper.plist"; path = "Info-VST3_Manifest_Helper.plist"; sourceTree = SOURCE_ROOT; };
		25D5642C8FFC19A63D16CE38 /* include_juce_core.mm */ /* include_juce_core.mm */ = {isa = PBXFileReference; lastKnownFileType = sourcecode.cpp.objcpp; name = include_juce_core.mm; path = ../../JuceLibraryCode/include_juce_core.mm; sourceTree = SOURCE_ROOT; };
		295D2A64A581D191DE7FD159 /* include_juce_gui_basics.mm */ /* include_juce_gui_basics.mm */ = {isa = PBXFileReference; lastKnownFileType = sourcecode.cpp.objcpp; name = include_juce_gui_basics.mm; path = ../../JuceLibraryCode/include_juce_gui_basics.mm; sourceTree = SOURCE_ROOT; };
		2E591B9CF396767359E93B2C /* juce_graphics */ /* juce_graphics */ = {isa = PBXFileReference; lastKnownFileType = folder; name = juce_graphics; path = /Users/jcolen/Documents/JUCE/modules/juce_graphics; sourceTree = "<absolute>"; };
		339149EF6AAC029E0FB457ED /* juce_gui_extra */ /* juce_gui_extra */ = {isa = PBXFileReference; lastKnownFileType = folder; name = juce_gui_extra; path = /Users/jcolen/Documents/JUCE/modules/juce_gui_extra; sourceTree = "<absolute>"; };
		3C78B43D25E34BA7BE6A8CE7 /* juce_data_structures */ /* juce_data_structures */ = {isa = PBXFileReference; lastKnownFileType = folder; name = juce_data_structures; path = /Users/jcolen/Documents/JUCE/modules/juce_data_structures; sourceTree = "<absolute>"; };
		3E1B37E8E01CF01026AAAF75 /* PluginEditor.h */ /* PluginEditor.h */ = {isa = PBXFileReference; lastKnownFileType = sourcecode.c.h; name = PluginEditor.h; path = ../../Source/PluginEditor.h; sourceTree = SOURCE_ROOT; };
		3F4C8103827348650F468CCE /* Foundation.framework */ /* Foundation.framework */ = {isa = PBXFileReference; lastKnownFileType = wrapper.framework; name = Foundation.framework; path = System/Library/Frameworks/Foundation.framework; sourceTree = SDKROOT; };
		4042F24EBDC024BF63847B6A /* include_juce_audio_processors_headless_ara.cpp */ /* include_juce_audio_processors_headless_ara.cpp */ = {isa = PBXFileReference; lastKnownFileType = sourcecode.cpp.cpp; name = include_juce_audio_processors_headless_ara.cpp; path = ../../JuceLibraryCode/include_juce_audio_processors_headless_ara.cpp; sourceTree = SOURCE_ROOT; };
		48A382F97AAADF369417D1F2 /* Security.framework */ /* Security.framework */ = {isa = PBXFileReference; lastKnownFileType = wrapper.framework; name = Security.framework; path = System/Library/Frameworks/Security.framework; sourceTree = SDKROOT; };
		4950E01C7B3906EEA7BD96C1 /* Oscillator.h */ /* Oscillator.h */ = {isa = PBXFileReference; lastKnownFileType = sourcecode.c.h; name = Oscillator.h; path = ../../Source/Oscillator.h; sourceTree = SOURCE_ROOT; };
		4C8758370762F73B892A109F /* include_juce_audio_basics.mm */ /* include_juce_audio_basics.mm */ = {isa = PBXFileReference; lastKnownFileType = sourcecode.cpp.objcpp; name = include_juce_audio_basics.mm; path = ../../JuceLibraryCode/include_juce_audio_basics.mm; sourceTree = SOURCE_ROOT; };
		4EC3A8A44243E2DD5B5B0FAF /* include_juce_audio_plugin_client_ARA.cpp */ /* include_juce_audio_plugin_client_ARA.cpp */ = {isa = PBXFileReference; lastKnownFileType = sourcecode.cpp.cpp; name = include_juce_audio_plugin_client_ARA.cpp; path = ../../JuceLibraryCode/include_juce_audio_plugin_client_ARA.cpp; sourceTree = SOURCE_ROOT; };
		519877E379CD2759953EE8AD /* CoreMIDI.framework */ /* CoreMIDI.framework */ = {isa = PBXFileReference; lastKnownFileType = wrapper.framework; name = CoreMIDI.framework; path = System/Library/Frameworks/CoreMIDI.framework; sourceTree = SDKROOT; };
		53BE3B1482416CC67D702FAC /* Metal.framework */ /* Metal.framework */ = {isa = PBXFileReference; lastKnownFileType = wrapper.framework; name = Metal.framework; path = System/Library/Frameworks/Metal.framework; sourceTree = SDKROOT; };
		5F2C2964D75A073B6BD0D1E4 /* VST3 */ = {isa = PBXFileReference; explicitFileType = wrapper.cfbundle; includeInIndex = 0; path = "HyperStar S1 Proto2.vst3"; sourceTree = BUILT_PRODUCTS_DIR; };
		66BD2B973156CA74206951E8 /* include_juce_audio_plugin_client_VST3.mm */ /* include_juce_audio_plugin_client_VST3.mm */ = {isa = PBXFileReference; lastKnownFileType = sourcecode.cpp.objcpp; name = include_juce_audio_plugin_client_VST3.mm; path = ../../JuceLibraryCode/include_juce_audio_plugin_client_VST3.mm; sourceTree = SOURCE_ROOT; };
		68A6C815E2CF886355EF1B1F /* MetalKit.framework */ /* MetalKit.framework */ = {isa = PBXFileReference; lastKnownFileType = wrapper.framework; name = MetalKit.framework; path = System/Library/Frameworks/MetalKit.framework; sourceTree = SDKROOT; };
		6B2EFDC079D0DD85C15228B3 /* PluginEditor.cpp */ /* PluginEditor.cpp */ = {isa = PBXFileReference; lastKnownFileType = sourcecode.cpp.cpp; name = PluginEditor.cpp; path = ../../Source/PluginEditor.cpp; sourceTree = SOURCE_ROOT; };
		6B6E20F1A31C46D100953443 /* include_juce_gui_extra.mm */ /* include_juce_gui_extra.mm */ = {isa = PBXFileReference; lastKnownFileType = sourcecode.cpp.objcpp; name = include_juce_gui_extra.mm; path = ../../JuceLibraryCode/include_juce_gui_extra.mm; sourceTree = SOURCE_ROOT; };
		6F7D9BFEB022C9026798B281 /* WaveSynth.cpp */ /* WaveSynth.cpp */ = {isa = PBXFileReference; lastKnownFileType = sourcecode.cpp.cpp; name = WaveSynth.cpp; path = ../../Source/WaveSynth.cpp; sourceTree = SOURCE_ROOT; };
		7920F81DED56E153C0B4CC66 /* include_juce_audio_utils.mm */ /* include_juce_audio_utils.mm */ = {isa = PBXFileReference; lastKnownFileType = sourcecode.cpp.objcpp; name = include_juce_audio_utils.mm; path = ../../JuceLibraryCode/include_juce_audio_utils.mm; sourceTree = SOURCE_ROOT; };
		7CAD06AF98007D016790DBF1 /* juce_audio_formats */ /* juce_audio_formats */ = {isa = PBXFileReference; lastKnownFileType = folder; name = juce_audio_formats; path = /Users/jcolen/Documents/JUCE/modules/juce_audio_formats; sourceTree = "<absolute>"; };
		81E005317E0D8B506AF89649 /* RecentFilesMenuTemplate.nib */ /* RecentFilesMenuTemplate.nib */ = {isa = PBXFileReference; lastKnownFileType = file.nib; name = RecentFilesMenuTemplate.nib; path = RecentFilesMenuTemplate.nib; sourceTree = SOURCE_ROOT; };
		850731ADF51B54B27BF81A81 /* CoreAudio.framework */ /* CoreAudio.framework */ = {isa = PBXFileReference; lastKnownFileType = wrapper.framework; name = CoreAudio.framework; path = System/Library/Frameworks/CoreAudio.framework; sourceTree = SDKROOT; };
		891DD639BAB15246ED4D5354 /* include_juce_core_CompilationTime.cpp */ /* include_juce_core_CompilationTime.cpp */ = {isa = PBXFileReference; lastKnownFileType = sourcecode.cpp.cpp; name = include_juce_core_CompilationTime.cpp; path = ../../JuceLibraryCode/include_juce_core_CompilationTime.cpp; sourceTree = SOURCE_ROOT; };
		8BB085D28D3C18359BC59C8D /* JucePluginDefines.h */ /* JucePluginDefines.h */ = {isa = PBXFileReference; lastKnownFileType = sourcecode.c.h; name = JucePluginDefines.h; path = ../../JuceLibraryCode/JucePluginDefines.h; sourceTree = SOURCE_ROOT; };
		92E74FD79A31795B8E4AFF8A /* WebKit.framework */ /* WebKit.framework */ = {isa = PBXFileReference; lastKnownFileType = wrapper.framework; name = WebKit.framework; path = System/Library/Frameworks/WebKit.framework; sourceTree = SDKROOT; };
		9600AE6E9B39AB391395AF59 /* include_juce_audio_formats.mm */ /* include_juce_audio_formats.mm */ = {isa = PBXFileReference; lastKnownFileType = sourcecode.cpp.objcpp; name = include_juce_audio_formats.mm; path = ../../JuceLibraryCode/include_juce_audio_formats.mm; sourceTree = SOURCE_ROOT; };
		98494E34C6B73A78F9A91633 /* include_juce_audio_processors_headless_lv2_libs.cpp */ /* include_juce_audio_processors_headless_lv2_libs.cpp */ = {isa = PBXFileReference; lastKnownFileType = sourcecode.cpp.cpp; name = include_juce_audio_processors_headless_lv2_libs.cpp; path = ../../JuceLibraryCode/include_juce_audio_processors_headless_lv2_libs.cpp; sourceTree = SOURCE_ROOT; };
		9AC3D7A630CDB1ED98A9FF9C /* include_juce_data_structures.mm */ /* include_juce_data_structures.mm */ = {isa = PBXFileReference; lastKnownFileType = sourcecode.cpp.objcpp; name = include_juce_data_structures.mm; path = ../../JuceLibraryCode/include_juce_data_structures.mm; sourceTree = SOURCE_ROOT; };
		9CAB51E6FE1EF13BC473ABE1 /* include_juce_graphics.mm */ /* include_juce_graphics.mm */ = {isa = PBXFileReference; lastKnownFileType = sourcecode.cpp.objcpp; name = include_juce_graphics.mm; path = ../../JuceLibraryCode/include_juce_graphics.mm; sourceTree = SOURCE_ROOT; };
		A40CB2B107D1A9A5C524A694 /* PluginProcessor.h */ /* PluginProcessor.h */ = {isa = PBXFileReference; lastKnownFileType = sourcecode.c.h; name = PluginProcessor.h; path = ../../Source/PluginProcessor.h; sourceTree = SOURCE_ROOT; };
		A67099E32C63E2090FB93F42 /* Shared Code */ = {isa = PBXFileReference; explicitFileType = archive.ar; includeInIndex = 0; path = "libHyperStar S1 Proto2.a"; sourceTree = BUILT_PRODUCTS_DIR; };
		A6E9443D103E92E2AF11D9BF /* Cocoa.framework */ /* Cocoa.framework */ = {isa = PBXFileReference; lastKnownFileType = wrapper.framework; name = Cocoa.framework; path = System/Library/Frameworks/Cocoa.framework; sourceTree = SDKROOT; };
		AB9B4A46E0AEDF7F7FB2C7D9 /* Oscillator.cpp */ /* Oscillator.cpp */ = {isa = PBXFileReference; lastKnownFileType = sourcecode.cpp.cpp; name = Oscillator.cpp; path = ../../Source/Oscillator.cpp; sourceTree = SOURCE_ROOT; };
		AE4B4F7BD3C7553B6CEED3B5 /* JuceHeader.h */ /* JuceHeader.h */ = {isa = PBXFileReference; lastKnownFileType = sourcecode.c.h; name = JuceHeader.h; path = ../../JuceLibraryCode/JuceHeader.h; sourceTree = SOURCE_ROOT; };
		B6AF1B8B57314D53B82DD8B7 /* include_juce_audio_devices.mm */ /* include_juce_audio_devices.mm */ = {isa = PBXFileReference; lastKnownFileType = sourcecode.cpp.objcpp; name = include_juce_audio_devices.mm; path = ../../JuceLibraryCode/include_juce_audio_devices.mm; sourceTree = SOURCE_ROOT; };
		B71FF4448B97F1C00A09C1CE /* include_juce_audio_processors_headless.mm */ /* include_juce_audio_processors_headless.mm */ = {isa = PBXFileReference; lastKnownFileType = sourcecode.cpp.objcpp; name = include_juce_audio_processors_headless.mm; path = ../../JuceLibraryCode/include_juce_audio_processors_headless.mm; sourceTree = SOURCE_ROOT; };
		B76068D3986C98E60C4EE8BE /* juce_gui_basics */ /* juce_gui_basics */ = {isa = PBXFileReference; lastKnownFileType = folder; name = juce_gui_basics; path = /Users/jcolen/Documents/JUCE/modules/juce_gui_basics; sourceTree = "<absolute>"; };
		BEC1D85098F3A3F82EDB86A4 /* Info-VST3.plist */ /* Info-VST3.plist */ = {isa = PBXFileReference; lastKnownFileType = text.plist.xml; name = "Info-VST3.plist"; path = "Info-VST3.plist"; sourceTree = SOURCE_ROOT; };
		C0153B56DB59C284E3DA0EEE /* AudioToolbox.framework */ /* AudioToolbox.framework */ = {isa = PBXFileReference; lastKnownFileType = wrapper.framework; name = AudioToolbox.framework; path = System/Library/Frameworks/AudioToolbox.framework; sourceTree = SDKROOT; };
		C296AB66A846325C671F732F /* juce_events */ /* juce_events */ = {isa = PBXFileReference; lastKnownFileType = folder; name = juce_events; path = /Users/jcolen/Documents/JUCE/modules/juce_events; sourceTree = "<absolute>"; };
		D04BFBE22E47151944BF640A /* IOKit.framework */ /* IOKit.framework */ = {isa = PBXFileReference; lastKnownFileType = wrapper.framework; name = IOKit.framework; path = System/Library/Frameworks/IOKit.framework; sourceTree = SDKROOT; };
		D0BC458858FEB0601CDF1C99 /* Accelerate.framework */ /* Accelerate.framework */ = {isa = PBXFileReference; lastKnownFileType = wrapper.framework; name = Accelerate.framework; path = System/Library/Frameworks/Accelerate.framework; sourceTree = SDKROOT; };
		D42267DA7619043E3168393A /* QuartzCore.framework */ /* QuartzCore.framework */ = {isa = PBXFileReference; lastKnownFileType = wrapper.framework; name = QuartzCore.framework; path = System/Library/Frameworks/QuartzCore.framework; sourceTree = SDKROOT; };
		D5691721F750B1CA8D9460A7 /* juce_audio_devices */ /* juce_audio_devices */ = {isa = PBXFileReference; lastKnownFileType = folder; name = juce_audio_devices; path = /Users/jcolen/Documents/JUCE/modules/juce_audio_devices; sourceTree = "<absolute>"; };
		DB0E6F63624A911BE080D304 /* WaveSynth.h */ /* WaveSynth.h */ = {isa = PBXFileReference; lastKnownFileType = sourcecode.c.h; name = WaveSynth.h; path = ../../Source/WaveSynth.h; sourceTree = SOURCE_ROOT; };
		E1451A9030AE5578E8C8857E /* DiscRecording.framework */ /* DiscRecording.framework */ = {isa = PBXFileReference; lastKnownFileType = wrapper.framework; name = DiscRecording.framework; path = System/Library/Frameworks/DiscRecording.framework; sourceTree = SDKROOT; };
		E9ADED6E4A2116719A4825F9 /* include_juce_graphics_Harfbuzz.cpp */ /* include_juce_graphics_Harfbuzz.cpp */ = {isa = PBXFileReference; lastKnownFileType = sourcecode.cpp.cpp; name = include_juce_graphics_Harfbuzz.cpp; path = ../../JuceLibraryCode/include_juce_graphics_Harfbuzz.cpp; sourceTree = SOURCE_ROOT; };
		EBD943783D980A54A7855172 /* juce_audio_basics */ /* juce_audio_basics */ = {isa = PBXFileReference; lastKnownFileType = folder; name = juce_audio_basics; path = /Users/jcolen/Documents/JUCE/modules/juce_audio_basics; sourceTree = "<absolute>"; };
		EFEB6EE8ED38653762BCD305 /* juce_audio_plugin_client */ /* juce_audio_plugin_client */ = {isa = PBXFileReference; lastKnownFileType = folder; name = juce_audio_plugin_client; path = /Users/jcolen/Documents/JUCE/modules/juce_audio_plugin_client; sourceTree = "<absolute>"; };
		F15B6845F9FA7D3341EDB89B /* juce_core */ /* juce_core */ = {isa = PBXFileReference; lastKnownFileType = folder; name = juce_core; path = /Users/jcolen/Documents/JUCE/modules/juce_core; sourceTree = "<absolute>"; };
		F28A3D49CE04DB8DB58DC9A7 /* juce_audio_processors */ /* juce_audio_processors */ = {isa = PBXFileReference; lastKnownFileType = folder; name = juce_audio_processors; path = /Users/jcolen/Documents/JUCE/modules/juce_audio_processors; sourceTree = "<absolute>"; };
		F30AABB570DBAC892B92C281 /* juce_audio_processors_headless */ /* juce_audio_processors_headless */ = {isa = PBXFileReference; lastKnownFileType = folder; name = juce_audio_processors_headless; path = /Users/jcolen/Documents/JUCE/modules/juce_audio_processors_headless; sourceTree = "<absolute>"; };
		F594E3D6614A4E7165927BA2 /* include_juce_graphics_Sheenbidi.c */ /* include_juce_graphics_Sheenbidi.c */ = {isa = PBXFileReference; lastKnownFileType = sourcecode.c.c; name = include_juce_graphics_Sheenbidi.c; path = ../../JuceLibraryCode/include_juce_graphics_Sheenbidi.c; sourceTree = SOURCE_ROOT; };
		F6539341B8B0E1EB46AE7C01 /* include_juce_audio_processors.mm */ /* include_juce_audio_processors.mm */ = {isa = PBXFileReference; lastKnownFileType = sourcecode.cpp.objcpp; name = include_juce_audio_processors.mm; path = ../../JuceLibraryCode/include_juce_audio_processors.mm; sourceTree = SOURCE_ROOT; };
		F80D1A7DB5563BB2D8A55CF7 /* include_juce_events.mm */ /* include_juce_events.mm */ = {isa = PBXFileReference; lastKnownFileType = sourcecode.cpp.objcpp; name = include_juce_events.mm; path = ../../JuceLibraryCode/include_juce_events.mm; sourceTree = SOURCE_ROOT; };
		F9F2ED3B3ACADA9E13C6885C /* juce_VST3ManifestHelper.mm */ /* juce_VST3ManifestHelper.mm */ = {isa = PBXFileReference; lastKnownFileType = sourcecode.cpp.objcpp; name = juce_VST3ManifestHelper.mm; path = /Users/jcolen/Documents/JUCE/modules/juce_audio_plugin_client/VST3/juce_VST3ManifestHelper.mm; sourceTree = "<absolute>"; };
/* End PBXFileReference section */

/* Begin PBXFrameworksBuildPhase section */
		2C7D868D67DEE76E1010C025 = {
			isa = PBXFrameworksBuildPhase;
			buildActionMask = 2147483647;
			files = (
				DB823F2BF70F977CFE19A830,
				D4C7402F63459677B1DDA347,
				733396185BD78F8F25B6DA35,
				C1D5E49BFCE33847366BC66B,
				682A56AE65597DA2FB96B75E,
				9F9165E002098732365EF3EA,
				876B233CD3C51041307F2A1D,
				033519DB7867FA8C7DD4F869,
				3514DBA97BB365EB9FC6C97C,
				C16E6CFE65FA759AE66945D7,
				1D1AFF62A012E9FBCF25B463,
				D2CE47559EE63585D20314DC,
				AE893D687C721147BF1B2217,
				5494CF02D25BFB62D677B8AE,
			);
			runOnlyForDeploymentPostprocessing = 0;
		};
		ED7001FC346CF44B78E8DD49 = {
			isa = PBXFrameworksBuildPhase;
			buildActionMask = 2147483647;
			files = (
				DB823F2BF70F977CFE19A830,
				D4C7402F63459677B1DDA347,
				733396185BD78F8F25B6DA35,
				C1D5E49BFCE33847366BC66B,
				682A56AE65597DA2FB96B75E,
				9F9165E002098732365EF3EA,
				876B233CD3C51041307F2A1D,
				033519DB7867FA8C7DD4F869,
				3514DBA97BB365EB9FC6C97C,
				C16E6CFE65FA759AE66945D7,
				1D1AFF62A012E9FBCF25B463,
				D2CE47559EE63585D20314DC,
				AE893D687C721147BF1B2217,
				5494CF02D25BFB62D677B8AE,
			);
			runOnlyForDeploymentPostprocessing = 0;
		};
/* End PBXFrameworksBuildPhase section */

/* Begin PBXGroup section */
		0D4FA708821394BC77099BB2 /* Source */ = {
			isa = PBXGroup;
			children = (
				31A188CCF1FB9869D0640078,
				E46CD3B154A64A27E2D26BE4,
				DFD3A60FB13D399CD2A7EF42,
				43C3E74C67FED41ED72E6022,
				887CB2EE87C8DB91CADCEF37,
				544CB4B540333E944566A037,
			);
			name = Source;
			sourceTree = "<group>";
		};
		31A188CCF1FB9869D0640078 /* HyperStar S1 Proto2 */ = {
			isa = PBXGroup;
			children = (
				BE417DCF32242AF4E5DC43FE,
			);
			name = "HyperStar S1 Proto2";
			sourceTree = "<group>";
		};
		43C3E74C67FED41ED72E6022 /* Resources */ = {
			isa = PBXGroup;
			children = (
				BEC1D85098F3A3F82EDB86A4,
				2298A81AE42089D2C01CFB31,
				81E005317E0D8B506AF89649,
			);
			name = Resources;
			sourceTree = "<group>";
		};
		544CB4B540333E944566A037 /* Products */ = {
			isa = PBXGroup;
			children = (
				5F2C2964D75A073B6BD0D1E4,
				A67099E32C63E2090FB93F42,
				1B2DF62134F047B4FAAEA04E,
			);
			name = Products;
			sourceTree = "<group>";
		};
		887CB2EE87C8DB91CADCEF37 /* Frameworks */ = {
			isa = PBXGroup;
			children = (
				D0BC458858FEB0601CDF1C99,
				C0153B56DB59C284E3DA0EEE,
				A6E9443D103E92E2AF11D9BF,
				850731ADF51B54B27BF81A81,
				198DD7C4C605882CC884D22D,
				519877E379CD2759953EE8AD,
				E1451A9030AE5578E8C8857E,
				3F4C8103827348650F468CCE,
				D04BFBE22E47151944BF640A,
				D42267DA7619043E3168393A,
				48A382F97AAADF369417D1F2,
				92E74FD79A31795B8E4AFF8A,
				53BE3B1482416CC67D702FAC,
				68A6C815E2CF886355EF1B1F,
			);
			name = Frameworks;
			sourceTree = "<group>";
		};
		BE417DCF32242AF4E5DC43FE /* Source */ = {
			isa = PBXGroup;
			children = (
				19B353AF745642697A5B821C,
				A40CB2B107D1A9A5C524A694,
				AB9B4A46E0AEDF7F7FB2C7D9,
				4950E01C7B3906EEA7BD96C1,
				6F7D9BFEB022C9026798B281,
				DB0E6F63624A911BE080D304,
				6B2EFDC079D0DD85C15228B3,
				3E1B37E8E01CF01026AAAF75,
			);
			name = Source;
			sourceTree = "<group>";
		};
		DFD3A60FB13D399CD2A7EF42 /* JUCE Library Code */ = {
			isa = PBXGroup;
			children = (
				4C8758370762F73B892A109F,
				B6AF1B8B57314D53B82DD8B7,
				9600AE6E9B39AB391395AF59,
				4EC3A8A44243E2DD5B5B0FAF,
				66BD2B973156CA74206951E8,
				F6539341B8B0E1EB46AE7C01,
				B71FF4448B97F1C00A09C1CE,
				4042F24EBDC024BF63847B6A,
				98494E34C6B73A78F9A91633,
				7920F81DED56E153C0B4CC66,
				25D5642C8FFC19A63D16CE38,
				891DD639BAB15246ED4D5354,
				9AC3D7A630CDB1ED98A9FF9C,
				F80D1A7DB5563BB2D8A55CF7,
				9CAB51E6FE1EF13BC473ABE1,
				E9ADED6E4A2116719A4825F9,
				F594E3D6614A4E7165927BA2,
				295D2A64A581D191DE7FD159,
				6B6E20F1A31C46D100953443,
				AE4B4F7BD3C7553B6CEED3B5,
				8BB085D28D3C18359BC59C8D,
			);
			name = "JUCE Library Code";
			sourceTree = "<group>";
		};
		E46CD3B154A64A27E2D26BE4 /* JUCE Modules */ = {
			isa = PBXGroup;
			children = (
				EBD943783D980A54A7855172,
				D5691721F750B1CA8D9460A7,
				7CAD06AF98007D016790DBF1,
				EFEB6EE8ED38653762BCD305,
				F28A3D49CE04DB8DB58DC9A7,
				F30AABB570DBAC892B92C281,
				1DDE702AA2CE68E4A3203AD5,
				F15B6845F9FA7D3341EDB89B,
				3C78B43D25E34BA7BE6A8CE7,
				C296AB66A846325C671F732F,
				2E591B9CF396767359E93B2C,
				B76068D3986C98E60C4EE8BE,
				339149EF6AAC029E0FB457ED,
			);
			name = "JUCE Modules";
			sourceTree = "<group>";
		};
/* End PBXGroup section */

/* Begin PBXNativeTarget section */
		C4D803DEB8F29BF9F73EA052 /* HyperStar S1 Proto2 - Shared Code */ = {
			isa = PBXNativeTarget;
			buildConfigurationList = 7CF243B9ED8BBE3ADA4D4FE0;
			buildPhases = (
				1881F1970E6AB9837EA4D53B,
			);
			buildRules = (
			);
			dependencies = (
			);
			name = "HyperStar S1 Proto2 - Shared Code";
			productName = "HyperStar S1 Proto2";
			productReference = A67099E32C63E2090FB93F42;
			productType = "com.apple.product-type.library.static";
		};
		CCE8D17E2887B14CFB67D62C /* HyperStar S1 Proto2 - VST3 */ = {
			isa = PBXNativeTarget;
			buildConfigurationList = C951A24FA4840CBEF88F8AAA;
			buildPhases = (
				422174451DC9136A124A00DB,
				EB1EA461E5342CDF203F4FE8,
				2C7D868D67DEE76E1010C025,
				3066AE383157434B7E14B35A,
				54FACE3B7D2CC608DD83BA7B,
			);
			buildRules = (
			);
			dependencies = (
				8554AF4DE520D3A1BC74679E,
				2D5D862ED77FB8B7214681A0,
			);
			name = "HyperStar S1 Proto2 - VST3";
			productName = "HyperStar S1 Proto2";
			productReference = 5F2C2964D75A073B6BD0D1E4;
			productType = "com.apple.product-type.bundle";
		};
		F9B12C466852FF52D6CB0EC2 /* HyperStar S1 Proto2 - VST3 Manifest Helper */ = {
			isa = PBXNativeTarget;
			buildConfigurationList = 9B75B73CBD8189CB9095CC3E;
			buildPhases = (
				24CAD3EAA3992A109D7A52DF,
				ED7001FC346CF44B78E8DD49,
			);
			buildRules = (
			);
			dependencies = (
			);
			name = "HyperStar S1 Proto2 - VST3 Manifest Helper";
			productName = "HyperStar S1 Proto2";
			productReference = 1B2DF62134F047B4FAAEA04E;
			productType = "com.apple.product-type.tool";
		};
/* End PBXNativeTarget section */

/* Begin PBXProject section */
		407F416FAC98283387879E1E = {
			isa = PBXProject;
			attributes = {
				BuildIndependentTargetsInParallel = YES;
				LastUpgradeCheck = 1340;
				ORGANIZATIONNAME = "Flash Memory";
				TargetAttributes = {
					C4D803DEB8F29BF9F73EA052 = {
						SystemCapabilities = {
							com.apple.ApplicationGroups.iOS = {
								enabled = 0;
							};
							com.apple.HardenedRuntime = {
								enabled = 0;
							};
							com.apple.InAppPurchase = {
								enabled = 0;
							};
							com.apple.InterAppAudio = {
								enabled = 0;
							};
							com.apple.Push = {
								enabled = 0;
							};
							com.apple.Sandbox = {
								enabled = 0;
							};
						};
					};
					CCE8D17E2887B14CFB67D62C = {
						SystemCapabilities = {
							com.apple.ApplicationGroups.iOS = {
								enabled = 0;
							};
							com.apple.HardenedRuntime = {
								enabled = 0;
							};
							com.apple.InAppPurchase = {
								enabled = 0;
							};
							com.apple.InterAppAudio = {
								enabled = 0;
							};
							com.apple.Push = {
								enabled = 0;
							};
							com.apple.Sandbox = {
								enabled = 0;
							};
						};
					};
					D4EA28C809230EFB1384FF06 = {
						SystemCapabilities = {
							com.apple.ApplicationGroups.iOS = {
								enabled = 0;
							};
							com.apple.HardenedRuntime = {
								enabled = 0;
							};
							com.apple.InAppPurchase = {
								enabled = 0;
							};
							com.apple.InterAppAudio = {
								enabled = 0;
							};
							com.apple.Push = {
								enabled = 0;
							};
							com.apple.Sandbox = {
								enabled = 0;
							};
						};
					};
					F9B12C466852FF52D6CB0EC2 = {
						SystemCapabilities = {
							com.apple.ApplicationGroups.iOS = {
								enabled = 0;
							};
							com.apple.HardenedRuntime = {
								enabled = 0;
							};
							com.apple.InAppPurchase = {
								enabled = 0;
							};
							com.apple.InterAppAudio = {
								enabled = 0;
							};
							com.apple.Push = {
								enabled = 0;
							};
							com.apple.Sandbox = {
								enabled = 0;
							};
						};
					};
				};
			};
			buildConfigurationList = 15E1E1ED8781E6B8124CD61A;
			compatibilityVersion = "Xcode 3.2";
			hasScannedForEncodings = 0;
			knownRegions = (
				en,
				Base,
			);
			mainGroup = 0D4FA708821394BC77099BB2;
			projectDirPath = "";
			projectRoot = "";
			targets = (
				D4EA28C809230EFB1384FF06,
				CCE8D17E2887B14CFB67D62C,
				C4D803DEB8F29BF9F73EA052,
				F9B12C466852FF52D6CB0EC2,
			);
		};
/* End PBXProject section */

/* Begin PBXResourcesBuildPhase section */
		422174451DC9136A124A00DB = {
			isa = PBXResourcesBuildPhase;
			buildActionMask = 2147483647;
			files = (
				5802CB7F1BB2804BA0E17A8B,
			);
			runOnlyForDeploymentPostprocessing = 0;
		};
/* End PBXResourcesBuildPhase section */

/* Begin PBXShellScriptBuildPhase section */
		3066AE383157434B7E14B35A /* Update manifest */ = {
			isa = PBXShellScriptBuildPhase;
			buildActionMask = 2147483647;
			files = (
			);
			runOnlyForDeploymentPostprocessing = 0;
			name = "Update manifest";
			alwaysOutOfDate = 1;
			shellPath = /bin/sh;
			shellScript = "set -euo pipefail\n\necho Running \\\"${CONFIGURATION_BUILD_DIR}/juce_vst3_helper\\\" \\> \\\"${CONFIGURATION_BUILD_DIR}/${WRAPPER_NAME}/Contents/Resources/moduleinfo.json\\\"\n\"${CONFIGURATION_BUILD_DIR}/juce_vst3_helper\" > \"${CONFIGURATION_BUILD_DIR}/${WRAPPER_NAME}/Contents/Resources/moduleinfo.json\"\n";
		};
		54FACE3B7D2CC608DD83BA7B /* Plugin Copy Step */ = {
			isa = PBXShellScriptBuildPhase;
			buildActionMask = 2147483647;
			files = (
			);
			runOnlyForDeploymentPostprocessing = 0;
			name = "Plugin Copy Step";
			alwaysOutOfDate = 1;
			shellPath = /bin/sh;
			shellScript = "set -euo pipefail\n\nif [[ \"${CONFIGURATION}\" == \"Debug\" ]]; then\n  destinationPlugin=\"${HOME}/Library/Audio/Plug-Ins/VST3//$(basename \"${TARGET_BUILD_DIR}/${WRAPPER_NAME}\")\"\n  echo Running rm -rf \\\"${destinationPlugin}\\\"\n  rm -rf \"${destinationPlugin}\"\n  echo Running ditto \\\"${TARGET_BUILD_DIR}/${WRAPPER_NAME}\\\" \\\"${destinationPlugin}\\\"\n  ditto \"${TARGET_BUILD_DIR}/${WRAPPER_NAME}\" \"${destinationPlugin}\"\n\n  if [[ -n \"${EXPANDED_CODE_SIGN_IDENTITY-}\" ]]; then\n    if [[ -n \"${CODE_SIGN_ENTITLEMENTS-}\" ]]; then\n      entitlementsArg=(--entitlements \"${CODE_SIGN_ENTITLEMENTS}\")\n    fi\n\n    echo Signing Identity: \\\"${EXPANDED_CODE_SIGN_IDENTITY_NAME}\\\"\n    echo Running codesign --verbose=4 --force --sign \\\"${EXPANDED_CODE_SIGN_IDENTITY}\\\" ${entitlementsArg[*]-} ${OTHER_CODE_SIGN_FLAGS-} \\\"${HOME}/Library/Audio/Plug-Ins/VST3//${WRAPPER_NAME}\\\"\n    codesign --verbose=4 --force --sign \"${EXPANDED_CODE_SIGN_IDENTITY}\" ${entitlementsArg[*]-} ${OTHER_CODE_SIGN_FLAGS-} \"${HOME}/Library/Audio/Plug-Ins/VST3//${WRAPPER_NAME}\"\n  fi\nfi\n\nif [[ \"${CONFIGURATION}\" == \"Release\" ]]; then\n  destinationPlugin=\"${HOME}/Library/Audio/Plug-Ins/VST3//$(basename \"${TARGET_BUILD_DIR}/${WRAPPER_NAME}\")\"\n  echo Running rm -rf \\\"${destinationPlugin}\\\"\n  rm -rf \"${destinationPlugin}\"\n  echo Running ditto \\\"${TARGET_BUILD_DIR}/${WRAPPER_NAME}\\\" \\\"${destinationPlugin}\\\"\n  ditto \"${TARGET_BUILD_DIR}/${WRAPPER_NAME}\" \"${destinationPlugin}\"\n\n  if [[ -n \"${EXPANDED_CODE_SIGN_IDENTITY-}\" ]]; then\n    if [[ -n \"${CODE_SIGN_ENTITLEMENTS-}\" ]]; then\n      entitlementsArg=(--entitlements \"${CODE_SIGN_ENTITLEMENTS}\")\n    fi\n\n    echo Signing Identity: \\\"${EXPANDED_CODE_SIGN_IDENTITY_NAME}\\\"\n    echo Running codesign --verbose=4 --force --sign \\\"${EXPANDED_CODE_SIGN_IDENTITY}\\\" ${entitlementsArg[*]-} ${OTHER_CODE_SIGN_FLAGS-} \\\"${HOME}/Library/Audio/Plug-Ins/VST3//${WRAPPER_NAME}\\\"\n    codesign --verbose=4 --force --sign \"${EXPANDED_CODE_SIGN_IDENTITY}\" ${entitlementsArg[*]-} ${OTHER_CODE_SIGN_FLAGS-} \"${HOME}/Library/Audio/Plug-Ins/VST3//${WRAPPER_NAME}\"\n  fi\nfi\n";
		};
/* End PBXShellScriptBuildPhase section */

/* Begin PBXSourcesBuildPhase section */
		1881F1970E6AB9837EA4D53B = {
			isa = PBXSourcesBuildPhase;
			buildActionMask = 2147483647;
			files = (
				197AE1384218FD7408B4ABE8,
				66A582CCD55B8CF693827A4B,
				000ED67D2F8AF5F9BE11D815,
				C419C369A90D48AD7AA64C35,
				E55E839DEA0BDC5A33293B05,
				72143085083FB442D6CE946F,
				FC6A4EE93674C1D2F06832E5,
				8F1AB89D389C04B81308AE98,
				DD902EC57C5FA088A70DD64E,
				6906C6A75F02BB8BFB0D89FB,
				7A170B691C75D9769675E748,
				AA237E2210D50E1AD2524664,
				E1547E1D271336D3E248F12C,
				E749DFD350067AC3DD0CDF1F,
				BBFDA5BFE34E94011789720B,
				F5EDE5F31E3EDE3D022FBE27,
				4EF7E9022AF4FC03FF81EBBB,
				7698062D5520D49696F7CA92,
				877A3662D8D97FD0D616C6CA,
				4A5A2E226DD7BD464F4FD189,
				7ECDDF923C78BE9452539324,
				9D6FA52C28E469C5B15AF4CB,
			);
			runOnlyForDeploymentPostprocessing = 0;
		};
		24CAD3EAA3992A109D7A52DF = {
			isa = PBXSourcesBuildPhase;
			buildActionMask = 2147483647;
			files = (
				8E80E826100A98495F9B4940,
			);
			runOnlyForDeploymentPostprocessing = 0;
		};
		EB1EA461E5342CDF203F4FE8 = {
			isa = PBXSourcesBuildPhase;
			buildActionMask = 2147483647;
			files = (
				28A4D9A4ED01BFD5F1B6CFF3,
			);
			runOnlyForDeploymentPostprocessing = 0;
		};
/* End PBXSourcesBuildPhase section */

/* Begin PBXTargetDependency section */
		2D5D862ED77FB8B7214681A0 = {
			isa = PBXTargetDependency;
			target = F9B12C466852FF52D6CB0EC2;
		};
		8554AF4DE520D3A1BC74679E = {
			isa = PBXTargetDependency;
			target = C4D803DEB8F29BF9F73EA052;
		};
		A0702E4D66856B4E80C9EBAA = {
			isa = PBXTargetDependency;
			target = CCE8D17E2887B14CFB67D62C;
		};
		CBE97B943FEE69AD5C8BE024 = {
			isa = PBXTargetDependency;
			target = C4D803DEB8F29BF9F73EA052;
		};
		DF4ECD44518032DFC5D20510 = {
			isa = PBXTargetDependency;
			target = F9B12C466852FF52D6CB0EC2;
		};
/* End PBXTargetDependency section */

/* Begin XCBuildConfiguration section */
		3238B16D6022BDE77DD07A32 /* Release */ = {
			isa = XCBuildConfiguration;
			buildSettings = {
				MACOSX_DEPLOYMENT_TARGET = 10.13;
				SDKROOT = macosx;
			};
			name = Release;
		};
		32D195B324688C3C6DE9390B /* Release */ = {
			isa = XCBuildConfiguration;
			buildSettings = {
				CLANG_CXX_LANGUAGE_STANDARD = "c++17";
				CLANG_CXX_LIBRARY = "libc++";
				CLANG_LINK_OBJC_RUNTIME = NO;
				COMBINE_HIDPI_IMAGES = YES;
				CONFIGURATION_BUILD_DIR = "$(PROJECT_DIR)/build/$(CONFIGURATION)";
				DEAD_CODE_STRIPPING = YES;
				EXCLUDED_ARCHS = "";
				GCC_GENERATE_DEBUGGING_SYMBOLS = NO;
				GCC_OPTIMIZATION_LEVEL = 3;
				GCC_PREPROCESSOR_DEFINITIONS = (
					"_NDEBUG=1",
					"NDEBUG=1",
					"JUCE_PROJUCER_VERSION=0x8000c",
					"JUCE_MODULE_AVAILABLE_juce_audio_basics=1",
					"JUCE_MODULE_AVAILABLE_juce_audio_devices=1",
					"JUCE_MODULE_AVAILABLE_juce_audio_formats=1",
					"JUCE_MODULE_AVAILABLE_juce_audio_plugin_client=1",
					"JUCE_MODULE_AVAILABLE_juce_audio_processors=1",
					"JUCE_MODULE_AVAILABLE_juce_audio_processors_headless=1",
					"JUCE_MODULE_AVAILABLE_juce_audio_utils=1",
					"JUCE_MODULE_AVAILABLE_juce_core=1",
					"JUCE_MODULE_AVAILABLE_juce_data_structures=1",
					"JUCE_MODULE_AVAILABLE_juce_events=1",
					"JUCE_MODULE_AVAILABLE_juce_graphics=1",
					"JUCE_MODULE_AVAILABLE_juce_gui_basics=1",
					"JUCE_MODULE_AVAILABLE_juce_gui_extra=1",
					"JUCE_GLOBAL_MODULE_SETTINGS_INCLUDED=1",
					"JUCE_VST3_CAN_REPLACE_VST2=0",
					"JUCE_STRICT_REFCOUNTEDPOINTER=1",
					"JucePlugin_Build_VST=0",
					"JucePlugin_Build_VST3=1",
					"JucePlugin_Build_AU=0",
					"JucePlugin_Build_AUv3=0",
					"JucePlugin_Build_AAX=0",
					"JucePlugin_Build_Standalone=0",
					"JucePlugin_Build_Unity=0",
					"JucePlugin_Build_LV2=0",
					"JucePlugin_Enable_IAA=0",
					"JucePlugin_Enable_ARA=0",
					"JucePlugin_Name=\\\"HyperStar\\ Synth1\\\"",
					"JucePlugin_Desc=\\\"Prototype\\ 2\\\"",
					"JucePlugin_Manufacturer=\\\"Flash\\ Memory\\\"",
					"JucePlugin_ManufacturerWebsite=\\\"www.FlashMemory.com\\\"",
					"JucePlugin_ManufacturerEmail=\\\"\\\"",
					"JucePlugin_ManufacturerCode=0x4d616e75",
					"JucePlugin_PluginCode=0x4b69616c",
					"JucePlugin_IsSynth=1",
					"JucePlugin_WantsMidiInput=1",
					"JucePlugin_ProducesMidiOutput=1",
					"JucePlugin_IsMidiEffect=0",
					"JucePlugin_EditorRequiresKeyboardFocus=0",
					"JucePlugin_Version=0.0.1",
					"JucePlugin_VersionCode=0x1",
					"JucePlugin_VersionString=\\\"0.0.1\\\"",
					"JucePlugin_VSTUniqueID=JucePlugin_PluginCode",
					"JucePlugin_VSTCategory=kPlugCategSynth",
					"JucePlugin_Vst3Category=\\\"Instrument|Synth\\\"",
					"JucePlugin_AUMainType=\\'aumu\\'",
					"JucePlugin_AUSubType=JucePlugin_PluginCode",
					"JucePlugin_AUExportPrefix=HyperStarS1Proto2AU",
					"JucePlugin_AUExportPrefixQuoted=\\\"HyperStarS1Proto2AU\\\"",
					"JucePlugin_AUManufacturerCode=JucePlugin_ManufacturerCode",
					"JucePlugin_CFBundleIdentifier=com.FlashMemory.HyperStarS1Proto2",
					"JucePlugin_AAXIdentifier=com.FlashMemory.HyperStarS1Proto2",
					"JucePlugin_AAXManufacturerCode=JucePlugin_ManufacturerCode",
					"JucePlugin_AAXProductId=JucePlugin_PluginCode",
					"JucePlugin_AAXCategory=2048",
					"JucePlugin_AAXDisableBypass=0",
					"JucePlugin_AAXDisableMultiMono=0",
					"JucePlugin_IAAType=0x61757269",
					"JucePlugin_IAASubType=JucePlugin_PluginCode",
					"JucePlugin_IAAName=\\\"Flash\\ Memory:\\ HyperStar\\ Synth1\\\"",
					"JucePlugin_VSTNumMidiInputs=16",
					"JucePlugin_VSTNumMidiOutputs=16",
					"JucePlugin_ARAContentTypes=0",
					"JucePlugin_ARATransformationFlags=0",
					"JucePlugin_ARAFactoryID=\\\"com.FlashMemory.HyperStarS1Proto2.factory\\\"",
					"JucePlugin_ARADocumentArchiveID=\\\"com.FlashMemory.HyperStarS1Proto2.aradocumentarchive.0.0.1\\\"",
					"JucePlugin_ARACompatibleArchiveIDs=\\\"\\\"",
					"JUCE_STANDALONE_APPLICATION=JucePlugin_Build_Standalone",
					"JUCER_XCODE_MAC_F6D2F4CF=1",
					"JUCE_APP_VERSION=0.0.1",
					"JUCE_APP_VERSION_HEX=0x1",
					"JUCE_SHARED_CODE=1",
				);
				GCC_VERSION = com.apple.compilers.llvm.clang.1_0;
				HEADER_SEARCH_PATHS = (
					"/Users/jcolen/Documents/JUCE/modules/juce_audio_processors_headless/format_types/VST3_SDK",
					"$(SRCROOT)/../../JuceLibraryCode",
					"/Users/jcolen/Documents/JUCE/modules",
					"/Users/jcolen/Documents/JUCE/modules/juce_audio_plugin_client/AU",
					"$(inherited)",
				);
				INSTALL_PATH = "@executable_path/../Frameworks";
				LLVM_LTO = YES;
				MACOSX_DEPLOYMENT_TARGET = 10.13;
				MTL_HEADER_SEARCH_PATHS = "/Users/jcolen/Documents/JUCE/modules/juce_audio_processors_headless/format_types/VST3_SDK $(SRCROOT)/../../JuceLibraryCode /Users/jcolen/Documents/JUCE/modules /Users/jcolen/Documents/JUCE/modules/juce_audio_plugin_client/AU";
				PRODUCT_BUNDLE_IDENTIFIER = com.FlashMemory.HyperStarS1Proto2;
				PRODUCT_NAME = "HyperStar S1 Proto2";
				SKIP_INSTALL = YES;
				USE_HEADERMAP = NO;
				VALID_ARCHS = "i386 x86_64 arm64 arm64e";
			};
			name = Release;
		};
		3571B3EB87E508B535743EEC /* Debug */ = {
			isa = XCBuildConfiguration;
			buildSettings = {
				CLANG_CXX_LANGUAGE_STANDARD = "c++17";
				CLANG_CXX_LIBRARY = "libc++";
				CLANG_LINK_OBJC_RUNTIME = NO;
				COMBINE_HIDPI_IMAGES = YES;
				CONFIGURATION_BUILD_DIR = "$(PROJECT_DIR)/build/$(CONFIGURATION)";
				COPY_PHASE_STRIP = NO;
				EXCLUDED_ARCHS = "";
				GCC_DYNAMIC_NO_PIC = NO;
				GCC_OPTIMIZATION_LEVEL = 0;
				GCC_PREPROCESSOR_DEFINITIONS = (
					"_DEBUG=1",
					"DEBUG=1",
					"JUCE_PROJUCER_VERSION=0x8000c",
					"JUCE_MODULE_AVAILABLE_juce_audio_basics=1",
					"JUCE_MODULE_AVAILABLE_juce_audio_devices=1",
					"JUCE_MODULE_AVAILABLE_juce_audio_formats=1",
					"JUCE_MODULE_AVAILABLE_juce_audio_plugin_client=1",
					"JUCE_MODULE_AVAILABLE_juce_audio_processors=1",
					"JUCE_MODULE_AVAILABLE_juce_audio_processors_headless=1",
					"JUCE_MODULE_AVAILABLE_juce_audio_utils=1",
					"JUCE_MODULE_AVAILABLE_juce_core=1",
					"JUCE_MODULE_AVAILABLE_juce_data_structures=1",
					"JUCE_MODULE_AVAILABLE_juce_events=1",
					"JUCE_MODULE_AVAILABLE_juce_graphics=1",
					"JUCE_MODULE_AVAILABLE_juce_gui_basics=1",
					"JUCE_MODULE_AVAILABLE_juce_gui_extra=1",
					"JUCE_GLOBAL_MODULE_SETTINGS_INCLUDED=1",
					"JUCE_VST3_CAN_REPLACE_VST2=0",
					"JUCE_STRICT_REFCOUNTEDPOINTER=1",
					"JucePlugin_Build_VST=0",
					"JucePlugin_Build_VST3=1",
					"JucePlugin_Build_AU=0",
					"JucePlugin_Build_AUv3=0",
					"JucePlugin_Build_AAX=0",
					"JucePlugin_Build_Standalone=0",
					"JucePlugin_Build_Unity=0",
					"JucePlugin_Build_LV2=0",
					"JucePlugin_Enable_IAA=0",
					"JucePlugin_Enable_ARA=0",
					"JucePlugin_Name=\\\"HyperStar\\ Synth1\\\"",
					"JucePlugin_Desc=\\\"Prototype\\ 2\\\"",
					"JucePlugin_Manufacturer=\\\"Flash\\ Memory\\\"",
					"JucePlugin_ManufacturerWebsite=\\\"www.FlashMemory.com\\\"",
					"JucePlugin_ManufacturerEmail=\\\"\\\"",
					"JucePlugin_ManufacturerCode=0x4d616e75",
					"JucePlugin_PluginCode=0x4b69616c",
					"JucePlugin_IsSynth=1",
					"JucePlugin_WantsMidiInput=1",
					"JucePlugin_ProducesMidiOutput=1",
					"JucePlugin_IsMidiEffect=0",
					"JucePlugin_EditorRequiresKeyboardFocus=0",
					"JucePlugin_Version=0.0.1",
					"JucePlugin_VersionCode=0x1",
					"JucePlugin_VersionString=\\\"0.0.1\\\"",
					"JucePlugin_VSTUniqueID=JucePlugin_PluginCode",
					"JucePlugin_VSTCategory=kPlugCategSynth",
					"JucePlugin_Vst3Category=\\\"Instrument|Synth\\\"",
					"JucePlugin_AUMainType=\\'aumu\\'",
					"JucePlugin_AUSubType=JucePlugin_PluginCode",
					"JucePlugin_AUExportPrefix=HyperStarS1Proto2AU",
					"JucePlugin_AUExportPrefixQuoted=\\\"HyperStarS1Proto2AU\\\"",
					"JucePlugin_AUManufacturerCode=JucePlugin_ManufacturerCode",
					"JucePlugin_CFBundleIdentifier=com.FlashMemory.HyperStarS1Proto2",
					"JucePlugin_AAXIdentifier=com.FlashMemory.HyperStarS1Proto2",
					"JucePlugin_AAXManufacturerCode=JucePlugin_ManufacturerCode",
					"JucePlugin_AAXProductId=JucePlugin_PluginCode",
					"JucePlugin_AAXCategory=2048",
					"JucePlugin_AAXDisableBypass=0",
					"JucePlugin_AAXDisableMultiMono=0",
					"JucePlugin_IAAType=0x61757269",
					"JucePlugin_IAASubType=JucePlugin_PluginCode",
					"JucePlugin_IAAName=\\\"Flash\\ Memory:\\ HyperStar\\ Synth1\\\"",
					"JucePlugin_VSTNumMidiInputs=16",
					"JucePlugin_VSTNumMidiOutputs=16",
					"JucePlugin_ARAContentTypes=0",
					"JucePlugin_ARATransformationFlags=0",
					"JucePlugin_ARAFactoryID=\\\"com.FlashMemory.HyperStarS1Proto2.factory\\\"",
					"JucePlugin_ARADocumentArchiveID=\\\"com.FlashMemory.HyperStarS1Proto2.aradocumentarchive.0.0.1\\\"",
					"JucePlugin_ARACompatibleArchiveIDs=\\\"\\\"",
					"JUCE_STANDALONE_APPLICATION=JucePlugin_Build_Standalone",
					"JUCER_XCODE_MAC_F6D2F4CF=1",
					"JUCE_APP_VERSION=0.0.1",
					"JUCE_APP_VERSION_HEX=0x1",
					"JUCE_SHARED_CODE=1",
				);
				GCC_VERSION = com.apple.compilers.llvm.clang.1_0;
				HEADER_SEARCH_PATHS = (
					"/Users/jcolen/Documents/JUCE/modules/juce_audio_processors_headless/format_types/VST3_SDK",
					"$(SRCROOT)/../../JuceLibraryCode",
					"/Users/jcolen/Documents/JUCE/modules",
					"/Users/jcolen/Documents/JUCE/modules/juce_audio_plugin_client/AU",
					"$(inherited)",
				);
				INSTALL_PATH = "@executable_path/../Frameworks";
				MACOSX_DEPLOYMENT_TARGET = 10.13;
				MTL_HEADER_SEARCH_PATHS = "/Users/jcolen/Documents/JUCE/modules/juce_audio_processors_headless/format_types/VST3_SDK $(SRCROOT)/../../JuceLibraryCode /Users/jcolen/Documents/JUCE/modules /Users/jcolen/Documents/JUCE/modules/juce_audio_plugin_client/AU";
				PRODUCT_BUNDLE_IDENTIFIER = com.FlashMemory.HyperStarS1Proto2;
				PRODUCT_NAME = "HyperStar S1 Proto2";
				SKIP_INSTALL = YES;
				USE_HEADERMAP = NO;
				VALID_ARCHS = "i386 x86_64 arm64 arm64e";
			};
			name = Debug;
		};
		60F7A061213B6977A6CB5D15 /* Release */ = {
			isa = XCBuildConfiguration;
			buildSettings = {
				CLANG_CXX_LANGUAGE_STANDARD = "c++17";
				CLANG_CXX_LIBRARY = "libc++";
				CLANG_LINK_OBJC_RUNTIME = NO;
				COMBINE_HIDPI_IMAGES = YES;
				CONFIGURATION_BUILD_DIR = "$(PROJECT_DIR)/build/$(CONFIGURATION)";
				DEAD_CODE_STRIPPING = YES;
				EXCLUDED_ARCHS = "";
				GCC_GENERATE_DEBUGGING_SYMBOLS = NO;
				GCC_OPTIMIZATION_LEVEL = 3;
				GCC_PREPROCESSOR_DEFINITIONS = (
					"_NDEBUG=1",
					"NDEBUG=1",
					"JUCE_PROJUCER_VERSION=0x8000c",
					"JUCE_MODULE_AVAILABLE_juce_audio_basics=1",
					"JUCE_MODULE_AVAILABLE_juce_audio_devices=1",
					"JUCE_MODULE_AVAILABLE_juce_audio_formats=1",
					"JUCE_MODULE_AVAILABLE_juce_audio_plugin_client=1",
					"JUCE_MODULE_AVAILABLE_juce_audio_processors=1",
					"JUCE_MODULE_AVAILABLE_juce_audio_processors_headless=1",
					"JUCE_MODULE_AVAILABLE_juce_audio_utils=1",
					"JUCE_MODULE_AVAILABLE_juce_core=1",
					"JUCE_MODULE_AVAILABLE_juce_data_structures=1",
					"JUCE_MODULE_AVAILABLE_juce_events=1",
					"JUCE_MODULE_AVAILABLE_juce_graphics=1",
					"JUCE_MODULE_AVAILABLE_juce_gui_basics=1",
					"JUCE_MODULE_AVAILABLE_juce_gui_extra=1",
					"JUCE_GLOBAL_MODULE_SETTINGS_INCLUDED=1",
					"JUCE_VST3_CAN_REPLACE_VST2=0",
					"JUCE_STRICT_REFCOUNTEDPOINTER=1",
					"JucePlugin_Build_VST=0",
					"JucePlugin_Build_VST3=0",
					"JucePlugin_Build_AU=0",
					"JucePlugin_Build_AUv3=0",
					"JucePlugin_Build_AAX=0",
					"JucePlugin_Build_Standalone=0",
					"JucePlugin_Build_Unity=0",
					"JucePlugin_Build_LV2=0",
					"JucePlugin_Enable_IAA=0",
					"JucePlugin_Enable_ARA=0",
					"JucePlugin_Name=\\\"HyperStar\\ Synth1\\\"",
					"JucePlugin_Desc=\\\"Prototype\\ 2\\\"",
					"JucePlugin_Manufacturer=\\\"Flash\\ Memory\\\"",
					"JucePlugin_ManufacturerWebsite=\\\"www.FlashMemory.com\\\"",
					"JucePlugin_ManufacturerEmail=\\\"\\\"",
					"JucePlugin_ManufacturerCode=0x4d616e75",
					"JucePlugin_PluginCode=0x4b69616c",
					"JucePlugin_IsSynth=1",
					"JucePlugin_WantsMidiInput=1",
					"JucePlugin_ProducesMidiOutput=1",
					"JucePlugin_IsMidiEffect=0",
					"JucePlugin_EditorRequiresKeyboardFocus=0",
					"JucePlugin_Version=0.0.1",
					"JucePlugin_VersionCode=0x1",
					"JucePlugin_VersionString=\\\"0.0.1\\\"",
					"JucePlugin_VSTUniqueID=JucePlugin_PluginCode",
					"JucePlugin_VSTCategory=kPlugCategSynth",
					"JucePlugin_Vst3Category=\\\"Instrument|Synth\\\"",
					"JucePlugin_AUMainType=\\'aumu\\'",
					"JucePlugin_AUSubType=JucePlugin_PluginCode",
					"JucePlugin_AUExportPrefix=HyperStarS1Proto2AU",
					"JucePlugin_AUExportPrefixQuoted=\\\"HyperStarS1Proto2AU\\\"",
					"JucePlugin_AUManufacturerCode=JucePlugin_ManufacturerCode",
					"JucePlugin_CFBundleIdentifier=com.FlashMemory.HyperStarS1Proto2",
					"JucePlugin_AAXIdentifier=com.FlashMemory.HyperStarS1Proto2",
					"JucePlugin_AAXManufacturerCode=JucePlugin_ManufacturerCode",
					"JucePlugin_AAXProductId=JucePlugin_PluginCode",
					"JucePlugin_AAXCategory=2048",
					"JucePlugin_AAXDisableBypass=0",
					"JucePlugin_AAXDisableMultiMono=0",
					"JucePlugin_IAAType=0x61757269",
					"JucePlugin_IAASubType=JucePlugin_PluginCode",
					"JucePlugin_IAAName=\\\"Flash\\ Memory:\\ HyperStar\\ Synth1\\\"",
					"JucePlugin_VSTNumMidiInputs=16",
					"JucePlugin_VSTNumMidiOutputs=16",
					"JucePlugin_ARAContentTypes=0",
					"JucePlugin_ARATransformationFlags=0",
					"JucePlugin_ARAFactoryID=\\\"com.FlashMemory.HyperStarS1Proto2.factory\\\"",
					"JucePlugin_ARADocumentArchiveID=\\\"com.FlashMemory.HyperStarS1Proto2.aradocumentarchive.0.0.1\\\"",
					"JucePlugin_ARACompatibleArchiveIDs=\\\"\\\"",
					"JUCE_STANDALONE_APPLICATION=JucePlugin_Build_Standalone",
					"JUCER_XCODE_MAC_F6D2F4CF=1",
					"JUCE_APP_VERSION=0.0.1",
					"JUCE_APP_VERSION_HEX=0x1",
				);
				GCC_VERSION = com.apple.compilers.llvm.clang.1_0;
				HEADER_SEARCH_PATHS = (
					"/Users/jcolen/Documents/JUCE/modules/juce_audio_processors_headless/format_types/VST3_SDK",
					"$(SRCROOT)/../../JuceLibraryCode",
					"/Users/jcolen/Documents/JUCE/modules",
					"/Users/jcolen/Documents/JUCE/modules/juce_audio_plugin_client/AU",
					"$(inherited)",
				);
				INFOPLIST_FILE = Info-VST3_Manifest_Helper.plist;
				INFOPLIST_PREPROCESS = NO;
				LLVM_LTO = YES;
				MACOSX_DEPLOYMENT_TARGET = 10.13;
				MTL_HEADER_SEARCH_PATHS = "/Users/jcolen/Documents/JUCE/modules/juce_audio_processors_headless/format_types/VST3_SDK $(SRCROOT)/../../JuceLibraryCode /Users/jcolen/Documents/JUCE/modules /Users/jcolen/Documents/JUCE/modules/juce_audio_plugin_client/AU";
				PRODUCT_BUNDLE_IDENTIFIER = com.FlashMemory.HyperStarS1Proto2;
				PRODUCT_NAME = "juce_vst3_helper";
				USE_HEADERMAP = NO;
				VALID_ARCHS = "i386 x86_64 arm64 arm64e";
			};
			name = Release;
		};
		82602C0595C372B7581F61D3 /* Debug */ = {
			isa = XCBuildConfiguration;
			buildSettings = {
				ALWAYS_SEARCH_USER_PATHS = NO;
				CLANG_ENABLE_OBJC_WEAK = YES;
				CLANG_WARN_BLOCK_CAPTURE_AUTORELEASING = YES;
				CLANG_WARN_BOOL_CONVERSION = YES;
				CLANG_WARN_COMMA = YES;
				CLANG_WARN_CONSTANT_CONVERSION = YES;
				CLANG_WARN_DEPRECATED_OBJC_IMPLEMENTATIONS = YES;
				CLANG_WARN_EMPTY_BODY = YES;
				CLANG_WARN_ENUM_CONVERSION = YES;
				CLANG_WARN_INFINITE_RECURSION = YES;
				CLANG_WARN_INT_CONVERSION = YES;
				CLANG_WARN_NON_LITERAL_NULL_CONVERSION = YES;
				CLANG_WARN_OBJC_IMPLICIT_RETAIN_SELF = YES;
				CLANG_WARN_OBJC_LITERAL_CONVERSION = YES;
				CLANG_WARN_RANGE_LOOP_ANALYSIS = YES;
				CLANG_WARN_STRICT_PROTOTYPES = YES;
				CLANG_WARN_SUSPICIOUS_MOVE = YES;
				CLANG_WARN_UNREACHABLE_CODE = YES;
				CLANG_WARN__DUPLICATE_METHOD_MATCH = YES;
				DEBUG_INFORMATION_FORMAT = dwarf;
				ENABLE_STRICT_OBJC_MSGSEND = YES;
				ENABLE_TESTABILITY = NO;
				GCC_C_LANGUAGE_STANDARD = c11;
				GCC_INLINES_ARE_PRIVATE_EXTERN = YES;
				GCC_MODEL_TUNING = G5;
				GCC_NO_COMMON_BLOCKS = YES;
				GCC_SYMBOLS_PRIVATE_EXTERN = YES;
				GCC_WARN_64_TO_32_BIT_CONVERSION = YES;
				GCC_WARN_ABOUT_RETURN_TYPE = YES;
				GCC_WARN_CHECK_SWITCH_STATEMENTS = YES;
				GCC_WARN_MISSING_PARENTHESES = YES;
				GCC_WARN_NON_VIRTUAL_DESTRUCTOR = YES;
				GCC_WARN_TYPECHECK_CALLS_TO_PRINTF = YES;
				GCC_WARN_UNDECLARED_SELECTOR = YES;
				GCC_WARN_UNINITIALIZED_AUTOS = YES;
				GCC_WARN_UNUSED_FUNCTION = YES;
				GCC_WARN_UNUSED_VARIABLE = YES;
				ONLY_ACTIVE_ARCH = YES;
				OTHER_CODE_SIGN_FLAGS = --timestamp;
				PRODUCT_NAME = "HyperStar S1 Proto2";
				SDKROOT = macosx;
				WARNING_CFLAGS = "-Wreorder";
				ZERO_LINK = NO;
			};
			name = Debug;
		};
		83BEC5C8AB43D95AD6393708 /* Debug */ = {
			isa = XCBuildConfiguration;
			buildSettings = {
				CLANG_CXX_LANGUAGE_STANDARD = "c++17";
				CLANG_CXX_LIBRARY = "libc++";
				CLANG_LINK_OBJC_RUNTIME = NO;
				COMBINE_HIDPI_IMAGES = YES;
				CONFIGURATION_BUILD_DIR = "$(PROJECT_DIR)/build/$(CONFIGURATION)";
				COPY_PHASE_STRIP = NO;
				EXCLUDED_ARCHS = "";
				GCC_DYNAMIC_NO_PIC = NO;
				GCC_OPTIMIZATION_LEVEL = 0;
				GCC_PREPROCESSOR_DEFINITIONS = (
					"_DEBUG=1",
					"DEBUG=1",
					"JUCE_PROJUCER_VERSION=0x8000c",
					"JUCE_MODULE_AVAILABLE_juce_audio_basics=1",
					"JUCE_MODULE_AVAILABLE_juce_audio_devices=1",
					"JUCE_MODULE_AVAILABLE_juce_audio_formats=1",
					"JUCE_MODULE_AVAILABLE_juce_audio_plugin_client=1",
					"JUCE_MODULE_AVAILABLE_juce_audio_processors=1",
					"JUCE_MODULE_AVAILABLE_juce_audio_processors_headless=1",
					"JUCE_MODULE_AVAILABLE_juce_audio_utils=1",
					"JUCE_MODULE_AVAILABLE_juce_core=1",
					"JUCE_MODULE_AVAILABLE_juce_data_structures=1",
					"JUCE_MODULE_AVAILABLE_juce_events=1",
					"JUCE_MODULE_AVAILABLE_juce_graphics=1",
					"JUCE_MODULE_AVAILABLE_juce_gui_basics=1",
					"JUCE_MODULE_AVAILABLE_juce_gui_extra=1",
					"JUCE_GLOBAL_MODULE_SETTINGS_INCLUDED=1",
					"JUCE_VST3_CAN_REPLACE_VST2=0",
					"JUCE_STRICT_REFCOUNTEDPOINTER=1",
					"JucePlugin_Build_VST=0",
					"JucePlugin_Build_VST3=1",
					"JucePlugin_Build_AU=0",
					"JucePlugin_Build_AUv3=0",
					"JucePlugin_Build_AAX=0",
					"JucePlugin_Build_Standalone=0",
					"JucePlugin_Build_Unity=0",
					"JucePlugin_Build_LV2=0",
					"JucePlugin_Enable_IAA=0",
					"JucePlugin_Enable_ARA=0",
					"JucePlugin_Name=\\\"HyperStar\\ Synth1\\\"",
					"JucePlugin_Desc=\\\"Prototype\\ 2\\\"",
					"JucePlugin_Manufacturer=\\\"Flash\\ Memory\\\"",
					"JucePlugin_ManufacturerWebsite=\\\"www.FlashMemory.com\\\"",
					"JucePlugin_ManufacturerEmail=\\\"\\\"",
					"JucePlugin_ManufacturerCode=0x4d616e75",
					"JucePlugin_PluginCode=0x4b69616c",
					"JucePlugin_IsSynth=1",
					"JucePlugin_WantsMidiInput=1",
					"JucePlugin_ProducesMidiOutput=1",
					"JucePlugin_IsMidiEffect=0",
					"JucePlugin_EditorRequiresKeyboardFocus=0",
					"JucePlugin_Version=0.0.1",
					"JucePlugin_VersionCode=0x1",
					"JucePlugin_VersionString=\\\"0.0.1\\\"",
					"JucePlugin_VSTUniqueID=JucePlugin_PluginCode",
					"JucePlugin_VSTCategory=kPlugCategSynth",
					"JucePlugin_Vst3Category=\\\"Instrument|Synth\\\"",
					"JucePlugin_AUMainType=\\'aumu\\'",
					"JucePlugin_AUSubType=JucePlugin_PluginCode",
					"JucePlugin_AUExportPrefix=HyperStarS1Proto2AU",
					"JucePlugin_AUExportPrefixQuoted=\\\"HyperStarS1Proto2AU\\\"",
					"JucePlugin_AUManufacturerCode=JucePlugin_ManufacturerCode",
					"JucePlugin_CFBundleIdentifier=com.FlashMemory.HyperStarS1Proto2",
					"JucePlugin_AAXIdentifier=com.FlashMemory.HyperStarS1Proto2",
					"JucePlugin_AAXManufacturerCode=JucePlugin_ManufacturerCode",
					"JucePlugin_AAXProductId=JucePlugin_PluginCode",
					"JucePlugin_AAXCategory=2048",
					"JucePlugin_AAXDisableBypass=0",
					"JucePlugin_AAXDisableMultiMono=0",
					"JucePlugin_IAAType=0x61757269",
					"JucePlugin_IAASubType=JucePlugin_PluginCode",
					"JucePlugin_IAAName=\\\"Flash\\ Memory:\\ HyperStar\\ Synth1\\\"",
					"JucePlugin_VSTNumMidiInputs=16",
					"JucePlugin_VSTNumMidiOutputs=16",
					"JucePlugin_ARAContentTypes=0",
					"JucePlugin_ARATransformationFlags=0",
					"JucePlugin_ARAFactoryID=\\\"com.FlashMemory.HyperStarS1Proto2.factory\\\"",
					"JucePlugin_ARADocumentArchiveID=\\\"com.FlashMemory.HyperStarS1Proto2.aradocumentarchive.0.0.1\\\"",
					"JucePlugin_ARACompatibleArchiveIDs=\\\"\\\"",
					"JUCE_STANDALONE_APPLICATION=JucePlugin_Build_Standalone",
					"JUCER_XCODE_MAC_F6D2F4CF=1",
					"JUCE_APP_VERSION=0.0.1",
					"JUCE_APP_VERSION_HEX=0x1",
				);
				GCC_VERSION = com.apple.compilers.llvm.clang.1_0;
				GENERATE_PKGINFO_FILE = YES;
				HEADER_SEARCH_PATHS = (
					"/Users/jcolen/Documents/JUCE/modules/juce_audio_processors_headless/format_types/VST3_SDK",
					"$(SRCROOT)/../../JuceLibraryCode",
					"/Users/jcolen/Documents/JUCE/modules",
					"/Users/jcolen/Documents/JUCE/modules/juce_audio_plugin_client/AU",
					"$(inherited)",
				);
				INFOPLIST_FILE = Info-VST3.plist;
				INFOPLIST_PREPROCESS = NO;
				INSTALL_PATH = "$(HOME)/Library/Audio/Plug-Ins/VST3/";
				LIBRARY_STYLE = Bundle;
				MACOSX_DEPLOYMENT_TARGET = 10.13;
				MTL_HEADER_SEARCH_PATHS = "/Users/jcolen/Documents/JUCE/modules/juce_audio_processors_headless/format_types/VST3_SDK $(SRCROOT)/../../JuceLibraryCode /Users/jcolen/Documents/JUCE/modules /Users/jcolen/Documents/JUCE/modules/juce_audio_plugin_client/AU";
				OTHER_LDFLAGS = "-bundle -lHyperStar\\ S1\\ Proto2";
				PRODUCT_BUNDLE_IDENTIFIER = com.FlashMemory.HyperStarS1Proto2;
				PRODUCT_NAME = "HyperStar S1 Proto2";
				USE_HEADERMAP = NO;
				VALID_ARCHS = "i386 x86_64 arm64 arm64e";
				WRAPPER_EXTENSION = vst3;
			};
			name = Debug;
		};
		852D8BC7082849300DAC9C3D /* Debug */ = {
			isa = XCBuildConfiguration;
			buildSettings = {
				MACOSX_DEPLOYMENT_TARGET = 10.13;
				SDKROOT = macosx;
			};
			name = Debug;
		};
		B3A3502E7D3523441DBC9C8D /* Release */ = {
			isa = XCBuildConfiguration;
			buildSettings = {
				CLANG_CXX_LANGUAGE_STANDARD = "c++17";
				CLANG_CXX_LIBRARY = "libc++";
				CLANG_LINK_OBJC_RUNTIME = NO;
				COMBINE_HIDPI_IMAGES = YES;
				CONFIGURATION_BUILD_DIR = "$(PROJECT_DIR)/build/$(CONFIGURATION)";
				DEAD_CODE_STRIPPING = YES;
				EXCLUDED_ARCHS = "";
				GCC_GENERATE_DEBUGGING_SYMBOLS = NO;
				GCC_OPTIMIZATION_LEVEL = 3;
				GCC_PREPROCESSOR_DEFINITIONS = (
					"_NDEBUG=1",
					"NDEBUG=1",
					"JUCE_PROJUCER_VERSION=0x8000c",
					"JUCE_MODULE_AVAILABLE_juce_audio_basics=1",
					"JUCE_MODULE_AVAILABLE_juce_audio_devices=1",
					"JUCE_MODULE_AVAILABLE_juce_audio_formats=1",
					"JUCE_MODULE_AVAILABLE_juce_audio_plugin_client=1",
					"JUCE_MODULE_AVAILABLE_juce_audio_processors=1",
					"JUCE_MODULE_AVAILABLE_juce_audio_processors_headless=1",
					"JUCE_MODULE_AVAILABLE_juce_audio_utils=1",
					"JUCE_MODULE_AVAILABLE_juce_core=1",
					"JUCE_MODULE_AVAILABLE_juce_data_structures=1",
					"JUCE_MODULE_AVAILABLE_juce_events=1",
					"JUCE_MODULE_AVAILABLE_juce_graphics=1",
					"JUCE_MODULE_AVAILABLE_juce_gui_basics=1",
					"JUCE_MODULE_AVAILABLE_juce_gui_extra=1",
					"JUCE_GLOBAL_MODULE_SETTINGS_INCLUDED=1",
					"JUCE_VST3_CAN_REPLACE_VST2=0",
					"JUCE_STRICT_REFCOUNTEDPOINTER=1",
					"JucePlugin_Build_VST=0",
					"JucePlugin_Build_VST3=1",
					"JucePlugin_Build_AU=0",
					"JucePlugin_Build_AUv3=0",
					"JucePlugin_Build_AAX=0",
					"JucePlugin_Build_Standalone=0",
					"JucePlugin_Build_Unity=0",
					"JucePlugin_Build_LV2=0",
					"JucePlugin_Enable_IAA=0",
					"JucePlugin_Enable_ARA=0",
					"JucePlugin_Name=\\\"HyperStar\\ Synth1\\\"",
					"JucePlugin_Desc=\\\"Prototype\\ 2\\\"",
					"JucePlugin_Manufacturer=\\\"Flash\\ Memory\\\"",
					"JucePlugin_ManufacturerWebsite=\\\"www.FlashMemory.com\\\"",
					"JucePlugin_ManufacturerEmail=\\\"\\\"",
					"JucePlugin_ManufacturerCode=0x4d616e75",
					"JucePlugin_PluginCode=0x4b69616c",
					"JucePlugin_IsSynth=1",
					"JucePlugin_WantsMidiInput=1",
					"JucePlugin_ProducesMidiOutput=1",
					"JucePlugin_IsMidiEffect=0",
					"JucePlugin_EditorRequiresKeyboardFocus=0",
					"JucePlugin_Version=0.0.1",
					"JucePlugin_VersionCode=0x1",
					"JucePlugin_VersionString=\\\"0.0.1\\\"",
					"JucePlugin_VSTUniqueID=JucePlugin_PluginCode",
					"JucePlugin_VSTCategory=kPlugCategSynth",
					"JucePlugin_Vst3Category=\\\"Instrument|Synth\\\"",
					"JucePlugin_AUMainType=\\'aumu\\'",
					"JucePlugin_AUSubType=JucePlugin_PluginCode",
					"JucePlugin_AUExportPrefix=HyperStarS1Proto2AU",
					"JucePlugin_AUExportPrefixQuoted=\\\"HyperStarS1Proto2AU\\\"",
					"JucePlugin_AUManufacturerCode=JucePlugin_ManufacturerCode",
					"JucePlugin_CFBundleIdentifier=com.FlashMemory.HyperStarS1Proto2",
					"JucePlugin_AAXIdentifier=com.FlashMemory.HyperStarS1Proto2",
					"JucePlugin_AAXManufacturerCode=JucePlugin_ManufacturerCode",
					"JucePlugin_AAXProductId=JucePlugin_PluginCode",
					"JucePlugin_AAXCategory=2048",
					"JucePlugin_AAXDisableBypass=0",
					"JucePlugin_AAXDisableMultiMono=0",
					"JucePlugin_IAAType=0x61757269",
					"JucePlugin_IAASubType=JucePlugin_PluginCode",
					"JucePlugin_IAAName=\\\"Flash\\ Memory:\\ HyperStar\\ Synth1\\\"",
					"JucePlugin_VSTNumMidiInputs=16",
					"JucePlugin_VSTNumMidiOutputs=16",
					"JucePlugin_ARAContentTypes=0",
					"JucePlugin_ARATransformationFlags=0",
					"JucePlugin_ARAFactoryID=\\\"com.FlashMemory.HyperStarS1Proto2.factory\\\"",
					"JucePlugin_ARADocumentArchiveID=\\\"com.FlashMemory.HyperStarS1Proto2.aradocumentarchive.0.0.1\\\"",
					"JucePlugin_ARACompatibleArchiveIDs=\\\"\\\"",
					"JUCE_STANDALONE_APPLICATION=JucePlugin_Build_Standalone",
					"JUCER_XCODE_MAC_F6D2F4CF=1",
					"JUCE_APP_VERSION=0.0.1",
					"JUCE_APP_VERSION_HEX=0x1",
				);
				GCC_VERSION = com.apple.compilers.llvm.clang.1_0;
				GENERATE_PKGINFO_FILE = YES;
				HEADER_SEARCH_PATHS = (
					"/Users/jcolen/Documents/JUCE/modules/juce_audio_processors_headless/format_types/VST3_SDK",
					"$(SRCROOT)/../../JuceLibraryCode",
					"/Users/jcolen/Documents/JUCE/modules",
					"/Users/jcolen/Documents/JUCE/modules/juce_audio_plugin_client/AU",
					"$(inherited)",
				);
				INFOPLIST_FILE = Info-VST3.plist;
				INFOPLIST_PREPROCESS = NO;
				INSTALL_PATH = "$(HOME)/Library/Audio/Plug-Ins/VST3/";
				LIBRARY_STYLE = Bundle;
				LLVM_LTO = YES;
				MACOSX_DEPLOYMENT_TARGET = 10.13;
				MTL_HEADER_SEARCH_PATHS = "/Users/jcolen/Documents/JUCE/modules/juce_audio_processors_headless/format_types/VST3_SDK $(SRCROOT)/../../JuceLibraryCode /Users/jcolen/Documents/JUCE/modules /Users/jcolen/Documents/JUCE/modules/juce_audio_plugin_client/AU";
				OTHER_LDFLAGS = "-bundle -lHyperStar\\ S1\\ Proto2";
				PRODUCT_BUNDLE_IDENTIFIER = com.FlashMemory.HyperStarS1Proto2;
				PRODUCT_NAME = "HyperStar S1 Proto2";
				USE_HEADERMAP = NO;
				VALID_ARCHS = "i386 x86_64 arm64 arm64e";
				WRAPPER_EXTENSION = vst3;
			};
			name = Release;
		};
		C0D07179700A07271507C0AF /* Debug */ = {
			isa = XCBuildConfiguration;
			buildSettings = {
				CLANG_CXX_LANGUAGE_STANDARD = "c++17";
				CLANG_CXX_LIBRARY = "libc++";
				CLANG_LINK_OBJC_RUNTIME = NO;
				COMBINE_HIDPI_IMAGES = YES;
				CONFIGURATION_BUILD_DIR = "$(PROJECT_DIR)/build/$(CONFIGURATION)";
				COPY_PHASE_STRIP = NO;
				EXCLUDED_ARCHS = "";
				GCC_DYNAMIC_NO_PIC = NO;
				GCC_OPTIMIZATION_LEVEL = 0;
				GCC_PREPROCESSOR_DEFINITIONS = (
					"_DEBUG=1",
					"DEBUG=1",
					"JUCE_PROJUCER_VERSION=0x8000c",
					"JUCE_MODULE_AVAILABLE_juce_audio_basics=1",
					"JUCE_MODULE_AVAILABLE_juce_audio_devices=1",
					"JUCE_MODULE_AVAILABLE_juce_audio_formats=1",
					"JUCE_MODULE_AVAILABLE_juce_audio_plugin_client=1",
					"JUCE_MODULE_AVAILABLE_juce_audio_processors=1",
					"JUCE_MODULE_AVAILABLE_juce_audio_processors_headless=1",
					"JUCE_MODULE_AVAILABLE_juce_audio_utils=1",
					"JUCE_MODULE_AVAILABLE_juce_core=1",
					"JUCE_MODULE_AVAILABLE_juce_data_structures=1",
					"JUCE_MODULE_AVAILABLE_juce_events=1",
					"JUCE_MODULE_AVAILABLE_juce_graphics=1",
					"JUCE_MODULE_AVAILABLE_juce_gui_basics=1",
					"JUCE_MODULE_AVAILABLE_juce_gui_extra=1",
					"JUCE_GLOBAL_MODULE_SETTINGS_INCLUDED=1",
					"JUCE_VST3_CAN_REPLACE_VST2=0",
					"JUCE_STRICT_REFCOUNTEDPOINTER=1",
					"JucePlugin_Build_VST=0",
					"JucePlugin_Build_VST3=0",
					"JucePlugin_Build_AU=0",
					"JucePlugin_Build_AUv3=0",
					"JucePlugin_Build_AAX=0",
					"JucePlugin_Build_Standalone=0",
					"JucePlugin_Build_Unity=0",
					"JucePlugin_Build_LV2=0",
					"JucePlugin_Enable_IAA=0",
					"JucePlugin_Enable_ARA=0",
					"JucePlugin_Name=\\\"HyperStar\\ Synth1\\\"",
					"JucePlugin_Desc=\\\"Prototype\\ 2\\\"",
					"JucePlugin_Manufacturer=\\\"Flash\\ Memory\\\"",
					"JucePlugin_ManufacturerWebsite=\\\"www.FlashMemory.com\\\"",
					"JucePlugin_ManufacturerEmail=\\\"\\\"",
					"JucePlugin_ManufacturerCode=0x4d616e75",
					"JucePlugin_PluginCode=0x4b69616c",
					"JucePlugin_IsSynth=1",
					"JucePlugin_WantsMidiInput=1",
					"JucePlugin_ProducesMidiOutput=1",
					"JucePlugin_IsMidiEffect=0",
					"JucePlugin_EditorRequiresKeyboardFocus=0",
					"JucePlugin_Version=0.0.1",
					"JucePlugin_VersionCode=0x1",
					"JucePlugin_VersionString=\\\"0.0.1\\\"",
					"JucePlugin_VSTUniqueID=JucePlugin_PluginCode",
					"JucePlugin_VSTCategory=kPlugCategSynth",
					"JucePlugin_Vst3Category=\\\"Instrument|Synth\\\"",
					"JucePlugin_AUMainType=\\'aumu\\'",
					"JucePlugin_AUSubType=JucePlugin_PluginCode",
					"JucePlugin_AUExportPrefix=HyperStarS1Proto2AU",
					"JucePlugin_AUExportPrefixQuoted=\\\"HyperStarS1Proto2AU\\\"",
					"JucePlugin_AUManufacturerCode=JucePlugin_ManufacturerCode",
					"JucePlugin_CFBundleIdentifier=com.FlashMemory.HyperStarS1Proto2",
					"JucePlugin_AAXIdentifier=com.FlashMemory.HyperStarS1Proto2",
					"JucePlugin_AAXManufacturerCode=JucePlugin_ManufacturerCode",
					"JucePlugin_AAXProductId=JucePlugin_PluginCode",
					"JucePlugin_AAXCategory=2048",
					"JucePlugin_AAXDisableBypass=0",
					"JucePlugin_AAXDisableMultiMono=0",
					"JucePlugin_IAAType=0x61757269",
					"JucePlugin_IAASubType=JucePlugin_PluginCode",
					"JucePlugin_IAAName=\\\"Flash\\ Memory:\\ HyperStar\\ Synth1\\\"",
					"JucePlugin_VSTNumMidiInputs=16",
					"JucePlugin_VSTNumMidiOutputs=16",
					"JucePlugin_ARAContentTypes=0",
					"JucePlugin_ARATransformationFlags=0",
					"JucePlugin_ARAFactoryID=\\\"com.FlashMemory.HyperStarS1Proto2.factory\\\"",
					"JucePlugin_ARADocumentArchiveID=\\\"com.FlashMemory.HyperStarS1Proto2.aradocumentarchive.0.0.1\\\"",
					"JucePlugin_ARACompatibleArchiveIDs=\\\"\\\"",
					"JUCE_STANDALONE_APPLICATION=JucePlugin_Build_Standalone",
					"JUCER_XCODE_MAC_F6D2F4CF=1",
					"JUCE_APP_VERSION=0.0.1",
					"JUCE_APP_VERSION_HEX=0x1",
				);
				GCC_VERSION = com.apple.compilers.llvm.clang.1_0;
				HEADER_SEARCH_PATHS = (
					"/Users/jcolen/Documents/JUCE/modules/juce_audio_processors_headless/format_types/VST3_SDK",
					"$(SRCROOT)/../../JuceLibraryCode",
					"/Users/jcolen/Documents/JUCE/modules",
					"/Users/jcolen/Documents/JUCE/modules/juce_audio_plugin_client/AU",
					"$(inherited)",
				);
				INFOPLIST_FILE = Info-VST3_Manifest_Helper.plist;
				INFOPLIST_PREPROCESS = NO;
				MACOSX_DEPLOYMENT_TARGET = 10.13;
				MTL_HEADER_SEARCH_PATHS = "/Users/jcolen/Documents/JUCE/modules/juce_audio_processors_headless/format_types/VST3_SDK $(SRCROOT)/../../JuceLibraryCode /Users/jcolen/Documents/JUCE/modules /Users/jcolen/Documents/JUCE/modules/juce_audio_plugin_client/AU";
				PRODUCT_BUNDLE_IDENTIFIER = com.FlashMemory.HyperStarS1Proto2;
				PRODUCT_NAME = "juce_vst3_helper";
				USE_HEADERMAP = NO;
				VALID_ARCHS = "i386 x86_64 arm64 arm64e";
			};
			name = Debug;
		};
		CD815FE362556823578EDF2A /* Release */ = {
			isa = XCBuildConfiguration;
			buildSettings = {
				ALWAYS_SEARCH_USER_PATHS = NO;
				CLANG_ENABLE_OBJC_WEAK = YES;
				CLANG_WARN_BLOCK_CAPTURE_AUTORELEASING = YES;
				CLANG_WARN_BOOL_CONVERSION = YES;
				CLANG_WARN_COMMA = YES;
				CLANG_WARN_CONSTANT_CONVERSION = YES;
				CLANG_WARN_DEPRECATED_OBJC_IMPLEMENTATIONS = YES;
				CLANG_WARN_EMPTY_BODY = YES;
				CLANG_WARN_ENUM_CONVERSION = YES;
				CLANG_WARN_INFINITE_RECURSION = YES;
				CLANG_WARN_INT_CONVERSION = YES;
				CLANG_WARN_NON_LITERAL_NULL_CONVERSION = YES;
				CLANG_WARN_OBJC_IMPLICIT_RETAIN_SELF = YES;
				CLANG_WARN_OBJC_LITERAL_CONVERSION = YES;
				CLANG_WARN_RANGE_LOOP_ANALYSIS = YES;
				CLANG_WARN_STRICT_PROTOTYPES = YES;
				CLANG_WARN_SUSPICIOUS_MOVE = YES;
				CLANG_WARN_UNREACHABLE_CODE = YES;
				CLANG_WARN__DUPLICATE_METHOD_MATCH = YES;
				DEBUG_INFORMATION_FORMAT = dwarf;
				ENABLE_STRICT_OBJC_MSGSEND = YES;
				ENABLE_TESTABILITY = NO;
				GCC_C_LANGUAGE_STANDARD = c11;
				GCC_INLINES_ARE_PRIVATE_EXTERN = YES;
				GCC_MODEL_TUNING = G5;
				GCC_NO_COMMON_BLOCKS = YES;
				GCC_SYMBOLS_PRIVATE_EXTERN = YES;
				GCC_WARN_64_TO_32_BIT_CONVERSION = YES;
				GCC_WARN_ABOUT_RETURN_TYPE = YES;
				GCC_WARN_CHECK_SWITCH_STATEMENTS = YES;
				GCC_WARN_MISSING_PARENTHESES = YES;
				GCC_WARN_NON_VIRTUAL_DESTRUCTOR = YES;
				GCC_WARN_TYPECHECK_CALLS_TO_PRINTF = YES;
				GCC_WARN_UNDECLARED_SELECTOR = YES;
				GCC_WARN_UNINITIALIZED_AUTOS = YES;
				GCC_WARN_UNUSED_FUNCTION = YES;
				GCC_WARN_UNUSED_VARIABLE = YES;
				OTHER_CODE_SIGN_FLAGS = --timestamp;
				PRODUCT_NAME = "HyperStar S1 Proto2";
				SDKROOT = macosx;
				WARNING_CFLAGS = "-Wreorder";
				ZERO_LINK = NO;
			};
			name = Release;
		};
/* End XCBuildConfiguration section */

/* Begin XCConfigurationList section */
		15E1E1ED8781E6B8124CD61A = {
			isa = XCConfigurationList;
			buildConfigurations = (
				82602C0595C372B7581F61D3,
				CD815FE362556823578EDF2A,
			);
			defaultConfigurationIsVisible = 0;
			defaultConfigurationName = Debug;
		};
		4569D20DEA80B27D8696CBBA = {
			isa = XCConfigurationList;
			buildConfigurations = (
				852D8BC7082849300DAC9C3D,
				3238B16D6022BDE77DD07A32,
			);
			defaultConfigurationIsVisible = 0;
			defaultConfigurationName = Debug;
		};
		7CF243B9ED8BBE3ADA4D4FE0 = {
			isa = XCConfigurationList;
			buildConfigurations = (
				3571B3EB87E508B535743EEC,
				32D195B324688C3C6DE9390B,
			);
			defaultConfigurationIsVisible = 0;
			defaultConfigurationName = Debug;
		};
		9B75B73CBD8189CB9095CC3E = {
			isa = XCConfigurationList;
			buildConfigurations = (
				C0D07179700A07271507C0AF,
				60F7A061213B6977A6CB5D15,
			);
			defaultConfigurationIsVisible = 0;
			defaultConfigurationName = Debug;
		};
		C951A24FA4840CBEF88F8AAA = {
			isa = XCConfigurationList;
			buildConfigurations = (
				83BEC5C8AB43D95AD6393708,
				B3A3502E7D3523441DBC9C8D,
			);
			defaultConfigurationIsVisible = 0;
			defaultConfigurationName = Debug;
		};
/* End XCConfigurationList section */
	};
	rootObject = 407F416FAC98283387879E1E /* Project object */;
}
